version = 1
revision = 3
requires-python = ">=3.12"

[[package]]
name = "gateforge"
version = "0.1.0"
source = { editable = "." }
dependencies = [
    { name = "pyosys" },
    { name = "z3-solver" },
]

[package.optional-dependencies]
workbench = [
    { name = "pyside6" },
]

[package.dev-dependencies]
dev = [
    { name = "pybind11-stubgen" },
]

[package.metadata]
requires-dist = [
    { name = "pyosys", specifier = "==0.68" },
    { name = "pyside6", marker = "extra == 'workbench'", specifier = ">=6.8,<7" },
    { name = "z3-solver", specifier = ">=4.13,<5" },
]
provides-extras = ["workbench"]

[package.metadata.requires-dev]
dev = [{ name = "pybind11-stubgen", specifier = ">=2.5.5" }]

[[package]]
name = "pybind11-stubgen"
version = "2.5.5"
source = { registry = "https://pypi.org/simple" }
sdist = { url = "https://files.pythonhosted.org/packages/81/81/81900180501a51056572dd01aa852cc2d162478d4676ecebbfaad5cc20d1/pybind11_stubgen-2.5.5.tar.gz", hash = "sha256:758d6d6bbeefc62ad7f78d5e5bbf357ccf6af83cd4504f5f549403f452942708", size = 25031, upload-time = "2025-08-09T01:22:44.403Z" }
wheels = [
    { url = "https://files.pythonhosted.org/packages/4f/e4/4f2d41881fae547f06ffa4c9748fa8ed13c4db5c830ff268b84175546b3c/pybind11_stubgen-2.5.5-py3-none-any.whl", hash = "sha256:10824cd2fc5cbbee032b8fb39e6f6c08de232deb309bc66d786a6c6e8a4601bd", size = 30210, upload-time = "2025-08-09T01:22:43.135Z" },
]

[[package]]
name = "pyosys"
version = "0.68"
source = { registry = "https://pypi.org/simple" }
wheels = [
    { url = "https://files.pythonhosted.org/packages/05/8e/fa03ad82bbcf5f5a8a3c61908ae4687b08428c13ac824f6986ed698b929d/pyosys-0.68-cp312-cp312-macosx_11_0_arm64.whl", hash = "sha256:398ae93492fc9b795f59a9a40fb404ff33c4c99bcf70e381f99670eff0baa717", size = 21718236, upload-time = "2026-08-05T08:46:07.284Z" },
    { url = "https://files.pythonhosted.org/packages/31/04/8a10fc127fa23c60047b82088de1c4215245f0be00e439a31994416266b5/pyosys-0.68-cp312-cp312-macosx_11_0_x86_64.whl", hash = "sha256:3aa7e9764425a5149729c14cce2d6fc1c21a4ce2602bf8e2dafcf084808e2562", size = 24548819, upload-time = "2026-08-05T08:46:09.542Z" },
    { url = "https://files.pythonhosted.org/packages/99/3d/f3a1ae931223e1cfeb88588ef3ce00473cafd82e69f86de007c398f51cf1/pyosys-0.68-cp312-cp312-manylinux_2_27_aarch64.manylinux_2_28_aarch64.whl", hash = "sha256:6c00f14905a6122e190e5df06f54a87dd8a0702366f45a5b6c9f774f928ee9f4", size = 27176680, upload-time = "2026-08-05T08:46:11.894Z" },
    { url = "https://files.pythonhosted.org/packages/e3/b1/cf8c6a91b19fa16c027f8aa220934160c5cff0cf3df10042791eaedd30fc/pyosys-0.68-cp312-cp312-manylinux_2_27_x86_64.manylinux_2_28_x86_64.whl", hash = "sha256:dd56f7c0c5fcfd4c2fac270480dd555dc9a0501764200cf05e67e0aec807e003", size = 29274772, upload-time = "2026-08-05T08:46:14.501Z" },
    { url = "https://files.pythonhosted.org/packages/0d/5e/04c90ec96fb721949925abb9db610c549b0a6b768ac9099ecb9059f18d6a/pyosys-0.68-cp313-cp313-macosx_11_0_arm64.whl", hash = "sha256:cfb2a549b010e6d73fd03389b2b8ec743d808262b2116eb22cb08ddb3ce6b367", size = 21721318, upload-time = "2026-08-05T08:46:16.9Z" },
    { url = "https://files.pythonhosted.org/packages/f3/34/eb43df13977afbef77a26d5d4bffd407ef4f9bd20d8a3a69e69f909d714f/pyosys-0.68-cp313-cp313-macosx_11_0_x86_64.whl", hash = "sha256:bc02ea158f9f97c9b9a0c52442362d75aa520034c1f80bae9794227583f48676", size = 24550099, upload-time = "2026-08-05T08:46:19.338Z" },
    { url = "https://files.pythonhosted.org/packages/5b/f6/96518ad5163138cabff69454471559927235eb054c8a871a9f8af7b60274/pyosys-0.68-cp313-cp313-manylinux_2_27_aarch64.manylinux_2_28_aarch64.whl", hash = "sha256:b48b0b227e6495c96d5b368268b359c224770dd70295fdc68ad44d298a6ab939", size = 27178968, upload-time = "2026-08-05T08:46:21.853Z" },
    { url = "https://files.pythonhosted.org/packages/f9/57/4f4cf7ae2e5f36bcabf71187a0110a6ba7796bf673d880e3036e83ec8c3f/pyosys-0.68-cp313-cp313-manylinux_2_27_x86_64.manylinux_2_28_x86_64.whl", hash = "sha256:67221e5bf953f25db1255e71530274d844fa05a275072b147dda9888223fddf3", size = 29275725, upload-time = "2026-08-05T08:46:24.807Z" },
    { url = "https://files.pythonhosted.org/packages/7a/62/62982c725bdbcd22f34766f89950aa1bfa6ed1bbe0b668dc70dcbcc5b689/pyosys-0.68-cp314-cp314-macosx_11_0_arm64.whl", hash = "sha256:bc46ba0f69c0c84c59cfc53e58ffaafa7ecd70ba453bb15645cf7111923e7f63", size = 21721351, upload-time = "2026-08-05T08:46:27.203Z" },
    { url = "https://files.pythonhosted.org/packages/75/17/9ebe6596fd80835753b22a0c859229fdde14203c394852ffa06c0c90ae59/pyosys-0.68-cp314-cp314-macosx_11_0_x86_64.whl", hash = "sha256:a8de5f132978288e6bd58491bbc32be27d06301e32f33b6ce53448678b4a43bb", size = 24550883, upload-time = "2026-08-05T08:46:29.496Z" },
    { url = "https://files.pythonhosted.org/packages/67/19/893031927933741636c49974d215b5b2c776f6ba3df92227e1ec55c4aef8/pyosys-0.68-cp314-cp314-manylinux_2_27_aarch64.manylinux_2_28_aarch64.whl", hash = "sha256:f1a5a3e7cec848823d2409183a2a2cbc46fa2197e9b18b45656d2df7f9effa43", size = 27179085, upload-time = "2026-08-05T08:46:31.807Z" },
    { url = "https://files.pythonhosted.org/packages/80/23/02df01663d7e604feb9684697b7ee43c6f4b18b07e3711131354771942c4/pyosys-0.68-cp314-cp314-manylinux_2_27_x86_64.manylinux_2_28_x86_64.whl", hash = "sha256:1a969b5dd25cade4ed2b178313046c041c7463dbb32d24864dc20fe438392f1d", size = 29275883, upload-time = "2026-08-05T08:46:34.285Z" },
    { url = "https://files.pythonhosted.org/packages/a6/d5/7de2a9a40cad1f4749c551db2fbe50e2299da08ef85db97f15d5db57e5fd/pyosys-0.68-cp314-cp314t-macosx_11_0_arm64.whl", hash = "sha256:df4148c552ccfedb4e45b981fe72f8c987f57493b01c01d5be2582fc54d84051", size = 21726982, upload-time = "2026-08-05T08:46:36.925Z" },
    { url = "https://files.pythonhosted.org/packages/9d/e3/30da8093dcd3cef35527490fae04208bbc2e4e8625c1b20294044a73a646/pyosys-0.68-cp314-cp314t-macosx_11_0_x86_64.whl", hash = "sha256:222eaa5644abd9d670ce5ee475bdf451c4d6917b7a532778d4fb8a54ab0029e9", size = 24555406, upload-time = "2026-08-05T08:46:39.766Z" },
    { url = "https://files.pythonhosted.org/packages/d1/0a/c8feea11a21d8dec3779d831c7d15b08d430ba619c9a8cc8444912f3550d/pyosys-0.68-cp314-cp314t-manylinux_2_27_aarch64.manylinux_2_28_aarch64.whl", hash = "sha256:68823fb79692da77dba6a0f63f7fab4807cf8a533f0e492de0e51d55d52049b9", size = 27223935, upload-time = "2026-08-05T08:46:42.413Z" },
    { url = "https://files.pythonhosted.org/packages/88/d2/38c5f6e41adfaf3948c8609e098d3bccfbdd7372f66d51c84e26c48444fa/pyosys-0.68-cp314-cp314t-manylinux_2_27_x86_64.manylinux_2_28_x86_64.whl", hash = "sha256:2369491e277956388cb7d907d7f5300eb72101106c39cddd7b586cb451a107f8", size = 29321751, upload-time = "2026-08-05T08:46:45.062Z" },
]

[[package]]
name = "pyside6"
version = "6.11.2"
source = { registry = "https://pypi.org/simple" }
dependencies = [
    { name = "pyside6-addons" },
    { name = "pyside6-essentials" },
    { name = "shiboken6" },
]
wheels = [
    { url = "https://files.pythonhosted.org/packages/ae/b5/99ff75f604d69eda1c5d1fe85cc43fb697d95eabc30ba86af099c2ddcd96/pyside6-6.11.2-cp310-abi3-macosx_13_0_universal2.whl", hash = "sha256:13a3c79816879d9743672a669f1988f74459a78f89a97a2624fae4fe059ffa3a", size = 571875, upload-time = "2026-08-18T06:37:27.794Z" },
    { url = "https://files.pythonhosted.org/packages/b2/fe/968844def58150a41568b505edca0d68df6901b20ea4222ccb0c069cc703/pyside6-6.11.2-cp310-abi3-manylinux_2_34_x86_64.whl", hash = "sha256:dc6d03990489a5085842770718392ef5de36352d8f608d9a9fe03e60af4d7b66", size = 572120, upload-time = "2026-08-18T06:37:30.298Z" },
    { url = "https://files.pythonhosted.org/packages/5e/5c/f4ecc6defaec645e5ac3ca2f99e3da286a28d1c647c2d10b584e0392b94c/pyside6-6.11.2-cp310-abi3-manylinux_2_39_aarch64.whl", hash = "sha256:57fe867a6c93821a085d74e8a26f863fc2363516848181c466032595b33b1729", size = 572121, upload-time = "2026-08-18T06:37:32.383Z" },
    { url = "https://files.pythonhosted.org/packages/94/fe/4aea9d30300fff4cda9bb729c1363b9e1095a8544e0d6b57065465e16599/pyside6-6.11.2-cp310-abi3-win_amd64.whl", hash = "sha256:3201d67e3c10be2eaedd3910ff0f02351eca7e88c95a291cde5e7f2f55ef207f", size = 578382, upload-time = "2026-08-18T06:37:34.385Z" },
    { url = "https://files.pythonhosted.org/packages/26/b0/8e2fb01e9ee15ad29fe10d0dd2d37f503e4aa3714c9fbb07aca380618de7/pyside6-6.11.2-cp310-abi3-win_arm64.whl", hash = "sha256:0444ac71d0791a19bded35f6d9a94515941f23a6eb7098ca45a1b64a338be697", size = 561768, upload-time = "2026-08-18T06:37:36.437Z" },
]

[[package]]
name = "pyside6-addons"
version = "6.11.2"
source = { registry = "https://pypi.org/simple" }
dependencies = [
    { name = "pyside6-essentials" },
    { name = "shiboken6" },
]
wheels = [
    { url = "https://files.pythonhosted.org/packages/e3/91/339fe9f7c94163815004ccd6b5c58b926b2dfb4e51c3b5563d412eab151f/pyside6_addons-6.11.2-cp310-abi3-macosx_13_0_universal2.whl", hash = "sha256:354c574a839f7d0751960ba03f33bec87c95e0f2796dca3287f54d03abe97dac", size = 332047075, upload-time = "2026-08-18T06:35:33.037Z" },
    { url = "https://files.pythonhosted.org/packages/28/cd/ce470e20f68901f4dfa5f742d6a3a58ba865684a232e4b87d5a1a2179cc0/pyside6_addons-6.11.2-cp310-abi3-manylinux_2_34_x86_64.whl", hash = "sha256:a8b00956925fbdeffc7052cf933506391289f35ac4f3f71a0a167ec195cd47b4", size = 175062576, upload-time = "2026-08-18T06:35:45.583Z" },
    { url = "https://files.pythonhosted.org/packages/11/bd/f725a8984703612c72cd17d0871d047132bacaccc13fc0d288a5e8a37dad/pyside6_addons-6.11.2-cp310-abi3-manylinux_2_39_aarch64.whl", hash = "sha256:a2ca3c73e5f060d4aca49451abd9fba68dd0e1c66ff40cea3a1fe0415def579a", size = 170827254, upload-time = "2026-08-18T06:35:56.675Z" },
    { url = "https://files.pythonhosted.org/packages/fb/c1/08bf6594101b42fc88834009f1dac59a983c5b6805c62c5081f077d09b4a/pyside6_addons-6.11.2-cp310-abi3-win_amd64.whl", hash = "sha256:f449ea4431da20e7b86752cca8d166f93434516fe417f981c27e5f8e1b554407", size = 168208836, upload-time = "2026-08-18T06:36:07.295Z" },
    { url = "https://files.pythonhosted.org/packages/26/60/e4b7f09343e9f29e565f488fb44c4f1fe260db481ba2c08ad8a1a7d48216/pyside6_addons-6.11.2-cp310-abi3-win_arm64.whl", hash = "sha256:d5606af369484b862b4d5741cfc179e19d2b8819c3e04d210b8188e0c9f85988", size = 35807245, upload-time = "2026-08-18T06:36:12.485Z" },
]

[[package]]
name = "pyside6-essentials"
version = "6.11.2"
source = { registry = "https://pypi.org/simple" }
dependencies = [
    { name = "shiboken6" },
]
wheels = [
    { url = "https://files.pythonhosted.org/packages/6f/16/0b7ecf89ebada82ed0430be33809ff325761ece83104f8635b1bd101fcd0/pyside6_essentials-6.11.2-cp310-abi3-macosx_13_0_universal2.whl", hash = "sha256:77795c145202e65a78d88f7cd409d186e3ba23d159bdb3ba2dcd159ae5e5f0d9", size = 110800753, upload-time = "2026-08-18T06:36:33.674Z" },
    { url = "https://files.pythonhosted.org/packages/0e/1a/84a84bbc75835ee88abdcb66eb875b8e1a21834af9b833bc1893f2c1bfaf/pyside6_essentials-6.11.2-cp310-abi3-manylinux_2_34_x86_64.whl", hash = "sha256:aaf9f25f0f324874085fa5b26a610318db8a8e243cf85bb3e5400595191c7778", size = 80108947, upload-time = "2026-08-18T06:36:40.637Z" },
    { url = "https://files.pythonhosted.org/packages/60/4c/d92b08a2151d095b9a3725fa0e71b215ec686d40bbd5d8b702d21a9b5eaa/pyside6_essentials-6.11.2-cp310-abi3-manylinux_2_39_aarch64.whl", hash = "sha256:d3ec6e1885c46e57f16364f38ea8040ffc5dc0b18341058f608fede3ba930567", size = 79575497, upload-time = "2026-08-18T06:36:46.97Z" },
    { url = "https://files.pythonhosted.org/packages/dc/09/d2662684aee4d3f027ff9b1e965f22301bc28ffc5b7f167658508e4475dc/pyside6_essentials-6.11.2-cp310-abi3-win_amd64.whl", hash = "sha256:c8a29def77032773a30879f7f24415b5395ad08592d147c170824ef4c735dfc1", size = 76913043, upload-time = "2026-08-18T06:36:54.038Z" },
    { url = "https://files.pythonhosted.org/packages/cd/87/4dd2a6468cea600da1fcf9c7f02bc248eeaa98cdc75658e48e669d95326a/pyside6_essentials-6.11.2-cp310-abi3-win_arm64.whl", hash = "sha256:fadd75c5c20800d64dd0a586ea8cb337c5e630aa2246df0e5105738afa46e02c", size = 58125520, upload-time = "2026-08-18T06:36:59.073Z" },
]

[[package]]
name = "shiboken6"
version = "6.11.2"
source = { registry = "https://pypi.org/simple" }
wheels = [
    { url = "https://files.pythonhosted.org/packages/47/44/11bf71c36e71936ab4e923e5dd23599dab527c4488b01860b0f689ce9947/shiboken6-6.11.2-cp310-abi3-macosx_13_0_universal2.whl", hash = "sha256:53659683b1f7a08e9f87eff9b1065f1ceb7110cd7a4bc09fdf5efe43d286604d", size = 476674, upload-time = "2026-08-18T06:37:11.526Z" },
    { url = "https://files.pythonhosted.org/packages/a5/9a/f41bea4316d0c1bec4800842dcb4bd8fd3e29d6a79c496bc32e1aec42583/shiboken6-6.11.2-cp310-abi3-manylinux_2_34_x86_64.whl", hash = "sha256:7a7a0a72a9ed26c9bf77d42246b1c736486befb8f31aa2fb29957ea4cdd1c1c2", size = 272435, upload-time = "2026-08-18T06:37:13.397Z" },
    { url = "https://files.pythonhosted.org/packages/56/05/79ed0697515d4fc7435459e4ed4c4a3b5621a55b7c91d0f3f2cc3d617aa0/shiboken6-6.11.2-cp310-abi3-manylinux_2_39_aarch64.whl", hash = "sha256:4bbbd6fa4d7cff5ec5e12bc4c10e1d845fa30c89457ecb13cc64f7bddb77f6f9", size = 270668, upload-time = "2026-08-18T06:37:15.025Z" },
    { url = "https://files.pythonhosted.org/packages/ce/6b/fee1b4814317e4664e318644c9c007676c65a71e5b2b9d3ac4121a94dc0a/shiboken6-6.11.2-cp310-abi3-win_amd64.whl", hash = "sha256:6ab0eba1c904455df621f9a6df3ca2bb896bab8670572d2bc4e37804ae91f19a", size = 1226578, upload-time = "2026-08-18T06:37:18.002Z" },
    { url = "https://files.pythonhosted.org/packages/4d/b5/80c4e5aafeb8ac777cf5a1becfe87ac7197c35051df00b5f7819787e09d5/shiboken6-6.11.2-cp310-abi3-win_arm64.whl", hash = "sha256:97c49432488df958f0308736f3d15b6915d8826fc380af17bb4b9ec5c4a5e81b", size = 1784669, upload-time = "2026-08-18T06:37:21.046Z" },
]

[[package]]
name = "z3-solver"
version = "4.16.0.0"
source = { registry = "https://pypi.org/simple" }
sdist = { url = "https://files.pythonhosted.org/packages/93/3b/2b714c40ef2ecf6d8aa080056b9c24a77fe4ca2c83abd83e9c93d34212ac/z3_solver-4.16.0.0.tar.gz", hash = "sha256:263d9ad668966e832c2b246ba0389298a599637793da2dc01cc5e4ef4b0b6c78", size = 5098891, upload-time = "2026-02-19T04:14:08.818Z" }
wheels = [
    { url = "https://files.pythonhosted.org/packages/2d/5d/9b277a80333db6b85fedd0f5082e311efcbaec47f2c44c57d38953c2d4d9/z3_solver-4.16.0.0-py3-none-macosx_15_0_arm64.whl", hash = "sha256:cc52843cfdd3d3f2cd24bedc62e71c18af8c8b7b23fb05e639ab60b01b5f8f2f", size = 36963251, upload-time = "2026-02-19T04:13:44.303Z" },
    { url = "https://files.pythonhosted.org/packages/1c/c4/fc99aa544930fb7bfcd88947c2788f318acaf1b9704a7a914445e204436a/z3_solver-4.16.0.0-py3-none-macosx_15_0_x86_64.whl", hash = "sha256:e292df40951523e4ecfbc8dee549d93dee00a3fe4ee4833270d19876b713e210", size = 47523873, upload-time = "2026-02-19T04:13:48.154Z" },
    { url = "https://files.pythonhosted.org/packages/f6/e6/98741b086b6e01630a55db1fbda596949f738204aac14ef35e64a9526ccb/z3_solver-4.16.0.0-py3-none-manylinux_2_27_x86_64.whl", hash = "sha256:afae2551f795670f0522cfce82132d129c408a2694adff71eb01ba0f2ece44f9", size = 31741807, upload-time = "2026-02-19T04:13:52.283Z" },
    { url = "https://files.pythonhosted.org/packages/e7/2e/295d467c7c796c01337bff790dbedc28cf279f9d365ed64aa9f8ca6b2ba1/z3_solver-4.16.0.0-py3-none-manylinux_2_38_aarch64.whl", hash = "sha256:358648c3b5ef82b9ec9a25711cf4fc498c7881f03a9f4a2ea6ffa9304ca65d94", size = 27326531, upload-time = "2026-02-19T04:13:55.787Z" },
    { url = "https://files.pythonhosted.org/packages/34/df/29816ce4de24cca3acb007412f9c6fba603e55fcc27ce8c2aade0939057a/z3_solver-4.16.0.0-py3-none-win32.whl", hash = "sha256:cc64c4d41fbebe419fccddb044979c3d95b41214547db65eecdaa67fafef7fe0", size = 13341643, upload-time = "2026-02-19T04:13:58.88Z" },
    { url = "https://files.pythonhosted.org/packages/86/20/cef4f4d70845df24572d005d19995f92b7f527eb2ffb63a3f5f938a0de2e/z3_solver-4.16.0.0-py3-none-win_amd64.whl", hash = "sha256:eb5df383cb6a3d6b7767dbdca348ac71f6f41e82f76c9ac42002a1f55e35f462", size = 16419861, upload-time = "2026-02-19T04:14:03.232Z" },
    { url = "https://files.pythonhosted.org/packages/e1/18/7dc1051093abfd6db56ce9addb63c624bfa31946ccb9cfc9be5e75237a26/z3_solver-4.16.0.0-py3-none-win_arm64.whl", hash = "sha256:28729eae2c89112e37697acce4d4517f5e44c6c54d36fed9cf914b06f380cbd6", size = 15084866, upload-time = "2026-02-19T04:14:06.355Z" },
]
